{"1.2.0",
[{<<"certifi">>,{pkg,<<"certifi">>,<<"2.9.0">>},1},
 {<<"hackney">>,{pkg,<<"hackney">>,<<"1.18.1">>},0},
 {<<"idna">>,{pkg,<<"idna">>,<<"6.1.1">>},1},
 {<<"jsx">>,{pkg,<<"jsx">>,<<"2.10.0">>},0},
 {<<"metrics">>,{pkg,<<"metrics">>,<<"1.0.1">>},1},
 {<<"mimerl">>,{pkg,<<"mimerl">>,<<"1.2.0">>},1},
 {<<"parse_trans">>,{pkg,<<"parse_trans">>,<<"3.3.1">>},1},
 {<<"quickrand">>,{pkg,<<"quickrand">>,<<"2.0.4">>},1},
 {<<"ssl_verify_fun">>,{pkg,<<"ssl_verify_fun">>,<<"1.1.6">>},1},
 {<<"unicode_util_compat">>,{pkg,<<"unicode_util_compat">>,<<"0.7.0">>},1},
 {<<"uuid">>,{pkg,<<"uuid_erl">>,<<"2.0.4">>},0}]}.
[
{pkg_hash,[
 {<<"certifi">>, <<"6F2A475689DD47F19FB74334859D460A2DC4E3252A3324BD2111B8F0429E7E21">>},
 {<<"hackney">>, <<"F48BF88F521F2A229FC7BAE88CF4F85ADC9CD9BCF23B5DC8EB6A1788C662C4F6">>},
 {<<"idna">>, <<"8A63070E9F7D0C62EB9D9FCB360A7DE382448200FBBD1B106CC96D3D8099DF8D">>},
 {<<"jsx">>, <<"77760560D6AC2B8C51FD4C980E9E19B784016AA70BE354CE746472C33BEB0B1C">>},
 {<<"metrics">>, <<"25F094DEA2CDA98213CECC3AEFF09E940299D950904393B2A29D191C346A8486">>},
 {<<"mimerl">>, <<"67E2D3F571088D5CFD3E550C383094B47159F3EEE8FFA08E64106CDF5E981BE3">>},
 {<<"parse_trans">>, <<"16328AB840CC09919BD10DAB29E431DA3AF9E9E7E7E6F0089DD5A2D2820011D8">>},
 {<<"quickrand">>, <<"168CA3A8466A26912B8C3A1D6AA58975E1BB49E5C7AFB4998B80F6B90F910490">>},
 {<<"ssl_verify_fun">>, <<"CF344F5692C82D2CD7554F5EC8FD961548D4FD09E7D22F5B62482E5AEAEBD4B0">>},
 {<<"unicode_util_compat">>, <<"BC84380C9AB48177092F43AC89E4DFA2C6D62B40B8BD132B1059ECC7232F9A78">>},
 {<<"uuid">>, <<"77C3E3EE1E1701A2856CE945846D7CEB71931C60633A305D0B0FEAE03B2B3B5C">>}]},
{pkg_hash_ext,[
 {<<"certifi">>, <<"266DA46BDB06D6C6D35FDE799BCB28D36D985D424AD7C08B5BB48F5B5CDD4641">>},
 {<<"hackney">>, <<"A4ECDAFF44297E9B5894AE499E9A070EA1888C84AFDD1FD9B7B2BC384950128E">>},
 {<<"idna">>, <<"92376EB7894412ED19AC475E4A86F7B413C1B9FBB5BD16DCCD57934157944CEA">>},
 {<<"jsx">>, <<"9A83E3704807298016968DB506F9FAD0F027DE37546EB838B3AE1064C3A0AD62">>},
 {<<"metrics">>, <<"69B09ADDDC4F74A40716AE54D140F93BEB0FB8978D8636EADED0C31B6F099F16">>},
 {<<"mimerl">>, <<"F278585650AA581986264638EBF698F8BB19DF297F66AD91B18910DFC6E19323">>},
 {<<"parse_trans">>, <<"07CD9577885F56362D414E8C4C4E6BDF10D43A8767ABB92D24CBE8B24C54888B">>},
 {<<"quickrand">>, <<"4CB18E9304CF28E054E8DC6E151D1AC7F174E6FE31D5C1A07F71279B92A90800">>},
 {<<"ssl_verify_fun">>, <<"BDB0D2471F453C88FF3908E7686F86F9BE327D065CC1EC16FA4540197EA04680">>},
 {<<"unicode_util_compat">>, <<"25EEE6D67DF61960CF6A794239566599B09E17E668D3700247BC498638152521">>},
 {<<"uuid">>, <<"7A4CCD1C151D9B88B4383FA802BCCF9BCB3754B7F53D7CAA164D51A14A6652E4">>}]}
].
